
Microsoft Visual Studio Solution File, Format Version 12.00
# Visual Studio Version 16
VisualStudioVersion = 16.0.33214.272
MinimumVisualStudioVersion = 10.0.40219.1
Project("{FAE04EC0-301F-11D3-BF4B-00C04F79EFBC}") = "Caculator", "Caculator\Caculator.csproj", "{133B6562-EBBE-43FF-B213-D33A44D62A84}"
EndProject
Global
	GlobalSection(SolutionConfigurationPlatforms) = preSolution
		Debug|Any CPU = Debug|Any CPU
		Release|Any CPU = Release|Any CPU
	EndGlobalSection
	GlobalSection(ProjectConfigurationPlatforms) = postSolution
		{133B6562-EBBE-43FF-B213-D33A44D62A84}.Debug|Any CPU.ActiveCfg = Debug|Any CPU
		{133B6562-EBBE-43FF-B213-D33A44D62A84}.Debug|Any CPU.Build.0 = Debug|Any CPU
		{133B6562-EBBE-43FF-B213-D33A44D62A84}.Release|Any CPU.ActiveCfg = Release|Any CPU
		{133B6562-EBBE-43FF-B213-D33A44D62A84}.Release|Any CPU.Build.0 = Release|Any CPU
	EndGlobalSection
	GlobalSection(SolutionProperties) = preSolution
		HideSolutionNode = FALSE
	EndGlobalSection
	GlobalSection(ExtensibilityGlobals) = postSolution
		SolutionGuid = {354F48A4-6BF3-491A-B3C2-D1A342EE0ECA}
	EndGlobalSection
EndGlobal
